// !$*UTF8*$!
{
	archiveVersion = 1;
	classes = {
	};
	objectVersion = 46;
	objects = {

/* Begin PBXBuildFile section */
		47F340581EF7D3BA00F1E6D9 /* main.m in Sources */ = {isa = PBXBuildFile; fileRef = 47F340571EF7D3BA00F1E6D9 /* main.m */; };
		47F3405B1EF7D3BA00F1E6D9 /* AppDelegate.m in Sources */ = {isa = PBXBuildFile; fileRef = 47F3405A1EF7D3BA00F1E6D9 /* AppDelegate.m */; };
		47F3405E1EF7D3BA00F1E6D9 /* ViewController.m in Sources */ = {isa = PBXBuildFile; fileRef = 47F3405D1EF7D3BA00F1E6D9 /* ViewController.m */; };
		47F340611EF7D3BA00F1E6D9 /* Main.storyboard in Resources */ = {isa = PBXBuildFile; fileRef = 47F3405F1EF7D3BA00F1E6D9 /* Main.storyboard */; };
		47F340631EF7D3BA00F1E6D9 /* Assets.xcassets in Resources */ = {isa = PBXBuildFile; fileRef = 47F340621EF7D3BA00F1E6D9 /* Assets.xcassets */; };
		47F340661EF7D3BA00F1E6D9 /* LaunchScreen.storyboard in Resources */ = {isa = PBXBuildFile; fileRef = 47F340641EF7D3BA00F1E6D9 /* LaunchScreen.storyboard */; };
		47F340711EF7D3BA00F1E6D9 /* test_collection_horizontalTests.m in Sources */ = {isa = PBXBuildFile; fileRef = 47F340701EF7D3BA00F1E6D9 /* test_collection_horizontalTests.m */; };
		47F3407C1EF7D3BA00F1E6D9 /* test_collection_horizontalUITests.m in Sources */ = {isa = PBXBuildFile; fileRef = 47F3407B1EF7D3BA00F1E6D9 /* test_collection_horizontalUITests.m */; };
/* End PBXBuildFile section */

/* Begin PBXContainerItemProxy section */
		47F3406D1EF7D3BA00F1E6D9 /* PBXContainerItemProxy */ = {
			isa = PBXContainerItemProxy;
			containerPortal = 47F3404B1EF7D3B900F1E6D9 /* Project object */;
			proxyType = 1;
			remoteGlobalIDString = 47F340521EF7D3BA00F1E6D9;
			remoteInfo = test_collection_horizontal;
		};
		47F340781EF7D3BA00F1E6D9 /* PBXContainerItemProxy */ = {
			isa = PBXContainerItemProxy;
			containerPortal = 47F3404B1EF7D3B900F1E6D9 /* Project object */;
			proxyType = 1;
			remoteGlobalIDString = 47F340521EF7D3BA00F1E6D9;
			remoteInfo = test_collection_horizontal;
		};
/* End PBXContainerItemProxy section */

/* Begin PBXFileReference section */
		47F340531EF7D3BA00F1E6D9 /* test_collection_horizontal.app */ = {isa = PBXFileReference; explicitFileType = wrapper.application; includeInIndex = 0; path = test_collection_horizontal.app; sourceTree = BUILT_PRODUCTS_DIR; };
		47F340571EF7D3BA00F1E6D9 /* main.m */ = {isa = PBXFileReference; lastKnownFileType = sourcecode.c.objc; path = main.m; sourceTree = "<group>"; };
		47F340591EF7D3BA00F1E6D9 /* AppDelegate.h */ = {isa = PBXFileReference; lastKnownFileType = sourcecode.c.h; path = AppDelegate.h; sourceTree = "<group>"; };
		47F3405A1EF7D3BA00F1E6D9 /* AppDelegate.m */ = {isa = PBXFileReference; lastKnownFileType = sourcecode.c.objc; path = AppDelegate.m; sourceTree = "<group>"; };
		47F3405C1EF7D3BA00F1E6D9 /* ViewController.h */ = {isa = PBXFileReference; lastKnownFileType = sourcecode.c.h; path = ViewController.h; sourceTree = "<group>"; };
		47F3405D1EF7D3BA00F1E6D9 /* ViewController.m */ = {isa = PBXFileReference; lastKnownFileType = sourcecode.c.objc; path = ViewController.m; sourceTree = "<group>"; };
		47F340601EF7D3BA00F1E6D9 /* Base */ = {isa = PBXFileReference; lastKnownFileType = file.storyboard; name = Base; path = Base.lproj/Main.storyboard; sourceTree = "<group>"; };
		47F340621EF7D3BA00F1E6D9 /* Assets.xcassets */ = {isa = PBXFileReference; lastKnownFileType = folder.assetcatalog; path = Assets.xcassets; sourceTree = "<group>"; };
		47F340651EF7D3BA00F1E6D9 /* Base */ = {isa = PBXFileReference; lastKnownFileType = file.storyboard; name = Base; path = Base.lproj/LaunchScreen.storyboard; sourceTree = "<group>"; };
		47F340671EF7D3BA00F1E6D9 /* Info.plist */ = {isa = PBXFileReference; lastKnownFileType = text.plist.xml; path = Info.plist; sourceTree = "<group>"; };
		47F3406C1EF7D3BA00F1E6D9 /* test_collection_horizontalTests.xctest */ = {isa = PBXFileReference; explicitFileType = wrapper.cfbundle; includeInIndex = 0; path = test_collection_horizontalTests.xctest; sourceTree = BUILT_PRODUCTS_DIR; };
		47F340701EF7D3BA00F1E6D9 /* test_collection_horizontalTests.m */ = {isa = PBXFileReference; lastKnownFileType = sourcecode.c.objc; path = test_collection_horizontalTests.m; sourceTree = "<group>"; };
		47F340721EF7D3BA00F1E6D9 /* Info.plist */ = {isa = PBXFileReference; lastKnownFileType = text.plist.xml; path = Info.plist; sourceTree = "<group>"; };
		47F340771EF7D3BA00F1E6D9 /* test_collection_horizontalUITests.xctest */ = {isa = PBXFileReference; explicitFileType = wrapper.cfbundle; includeInIndex = 0; path = test_collection_horizontalUITests.xctest; sourceTree = BUILT_PRODUCTS_DIR; };
		47F3407B1EF7D3BA00F1E6D9 /* test_collection_horizontalUITests.m */ = {isa = PBXFileReference; lastKnownFileType = sourcecode.c.objc; path = test_collection_horizontalUITests.m; sourceTree = "<group>"; };
		47F3407D1EF7D3BA00F1E6D9 /* Info.plist */ = {isa = PBXFileReference; lastKnownFileType = text.plist.xml; path = Info.plist; sourceTree = "<group>"; };
/* End PBXFileReference section */

/* Begin PBXFrameworksBuildPhase section */
		47F340501EF7D3BA00F1E6D9 /* Frameworks */ = {
			isa = PBXFrameworksBuildPhase;
			buildActionMask = 2147483647;
			files = (
			);
			runOnlyForDeploymentPostprocessing = 0;
		};
		47F340691EF7D3BA00F1E6D9 /* Frameworks */ = {
			isa = PBXFrameworksBuildPhase;
			buildActionMask = 2147483647;
			files = (
			);
			runOnlyForDeploymentPostprocessing = 0;
		};
		47F340741EF7D3BA00F1E6D9 /* Frameworks */ = {
			isa = PBXFrameworksBuildPhase;
			buildActionMask = 2147483647;
			files = (
			);
			runOnlyForDeploymentPostprocessing = 0;
		};
/* End PBXFrameworksBuildPhase section */

/* Begin PBXGroup section */
		47F3404A1EF7D3B900F1E6D9 = {
			isa = PBXGroup;
			children = (
				47F340551EF7D3BA00F1E6D9 /* test_collection_horizontal */,
				47F3406F1EF7D3BA00F1E6D9 /* test_collection_horizontalTests */,
				47F3407A1EF7D3BA00F1E6D9 /* test_collection_horizontalUITests */,
				47F340541EF7D3BA00F1E6D9 /* Products */,
			);
			sourceTree = "<group>";
		};
		47F340541EF7D3BA00F1E6D9 /* Products */ = {
			isa = PBXGroup;
			children = (
				47F340531EF7D3BA00F1E6D9 /* test_collection_horizontal.app */,
				47F3406C1EF7D3BA00F1E6D9 /* test_collection_horizontalTests.xctest */,
				47F340771EF7D3BA00F1E6D9 /* test_collection_horizontalUITests.xctest */,
			);
			name = Products;
			sourceTree = "<group>";
		};
		47F340551EF7D3BA00F1E6D9 /* test_collection_horizontal */ = {
			isa = PBXGroup;
			children = (
				47F340591EF7D3BA00F1E6D9 /* AppDelegate.h */,
				47F3405A1EF7D3BA00F1E6D9 /* AppDelegate.m */,
				47F3405C1EF7D3BA00F1E6D9 /* ViewController.h */,
				47F3405D1EF7D3BA00F1E6D9 /* ViewController.m */,
				47F3405F1EF7D3BA00F1E6D9 /* Main.storyboard */,
				47F340621EF7D3BA00F1E6D9 /* Assets.xcassets */,
				47F340641EF7D3BA00F1E6D9 /* LaunchScreen.storyboard */,
				47F340671EF7D3BA00F1E6D9 /* Info.plist */,
				47F340561EF7D3BA00F1E6D9 /* Supporting Files */,
			);
			path = test_collection_horizontal;
			sourceTree = "<group>";
		};
		47F340561EF7D3BA00F1E6D9 /* Supporting Files */ = {
			isa = PBXGroup;
			children = (
				47F340571EF7D3BA00F1E6D9 /* main.m */,
			);
			name = "Supporting Files";
			sourceTree = "<group>";
		};
		47F3406F1EF7D3BA00F1E6D9 /* test_collection_horizontalTests */ = {
			isa = PBXGroup;
			children = (
				47F340701EF7D3BA00F1E6D9 /* test_collection_horizontalTests.m */,
				47F340721EF7D3BA00F1E6D9 /* Info.plist */,
			);
			path = test_collection_horizontalTests;
			sourceTree = "<group>";
		};
		47F3407A1EF7D3BA00F1E6D9 /* test_collection_horizontalUITests */ = {
			isa = PBXGroup;
			children = (
				47F3407B1EF7D3BA00F1E6D9 /* test_collection_horizontalUITests.m */,
				47F3407D1EF7D3BA00F1E6D9 /* Info.plist */,
			);
			path = test_collection_horizontalUITests;
			sourceTree = "<group>";
		};
/* End PBXGroup section */

/* Begin PBXNativeTarget section */
		47F340521EF7D3BA00F1E6D9 /* test_collection_horizontal */ = {
			isa = PBXNativeTarget;
			buildConfigurationList = 47F340801EF7D3BA00F1E6D9 /* Build configuration list for PBXNativeTarget "test_collection_horizontal" */;
			buildPhases = (
				47F3404F1EF7D3BA00F1E6D9 /* Sources */,
				47F340501EF7D3BA00F1E6D9 /* Frameworks */,
				47F340511EF7D3BA00F1E6D9 /* Resources */,
			);
			buildRules = (
			);
			dependencies = (
			);
			name = test_collection_horizontal;
			productName = test_collection_horizontal;
			productReference = 47F340531EF7D3BA00F1E6D9 /* test_collection_horizontal.app */;
			productType = "com.apple.product-type.application";
		};
		47F3406B1EF7D3BA00F1E6D9 /* test_collection_horizontalTests */ = {
			isa = PBXNativeTarget;
			buildConfigurationList = 47F340831EF7D3BA00F1E6D9 /* Build configuration list for PBXNativeTarget "test_collection_horizontalTests" */;
			buildPhases = (
				47F340681EF7D3BA00F1E6D9 /* Sources */,
				47F340691EF7D3BA00F1E6D9 /* Frameworks */,
				47F3406A1EF7D3BA00F1E6D9 /* Resources */,
			);
			buildRules = (
			);
			dependencies = (
				47F3406E1EF7D3BA00F1E6D9 /* PBXTargetDependency */,
			);
			name = test_collection_horizontalTests;
			productName = test_collection_horizontalTests;
			productReference = 47F3406C1EF7D3BA00F1E6D9 /* test_collection_horizontalTests.xctest */;
			productType = "com.apple.product-type.bundle.unit-test";
		};
		47F340761EF7D3BA00F1E6D9 /* test_collection_horizontalUITests */ = {
			isa = PBXNativeTarget;
			buildConfigurationList = 47F340861EF7D3BA00F1E6D9 /* Build configuration list for PBXNativeTarget "test_collection_horizontalUITests" */;
			buildPhases = (
				47F340731EF7D3BA00F1E6D9 /* Sources */,
				47F340741EF7D3BA00F1E6D9 /* Frameworks */,
				47F340751EF7D3BA00F1E6D9 /* Resources */,
			);
			buildRules = (
			);
			dependencies = (
				47F340791EF7D3BA00F1E6D9 /* PBXTargetDependency */,
			);
			name = test_collection_horizontalUITests;
			productName = test_collection_horizontalUITests;
			productReference = 47F340771EF7D3BA00F1E6D9 /* test_collection_horizontalUITests.xctest */;
			productType = "com.apple.product-type.bundle.ui-testing";
		};
/* End PBXNativeTarget section */

/* Begin PBXProject section */
		47F3404B1EF7D3B900F1E6D9 /* Project object */ = {
			isa = PBXProject;
			attributes = {
				LastUpgradeCheck = 0830;
				ORGANIZATIONNAME = hc;
				TargetAttributes = {
					47F340521EF7D3BA00F1E6D9 = {
						CreatedOnToolsVersion = 8.3;
						ProvisioningStyle = Automatic;
					};
					47F3406B1EF7D3BA00F1E6D9 = {
						CreatedOnToolsVersion = 8.3;
						ProvisioningStyle = Automatic;
						TestTargetID = 47F340521EF7D3BA00F1E6D9;
					};
					47F340761EF7D3BA00F1E6D9 = {
						CreatedOnToolsVersion = 8.3;
						ProvisioningStyle = Automatic;
						TestTargetID = 47F340521EF7D3BA00F1E6D9;
					};
				};
			};
			buildConfigurationList = 47F3404E1EF7D3B900F1E6D9 /* Build configuration list for PBXProject "test_collection_horizontal" */;
			compatibilityVersion = "Xcode 3.2";
			developmentRegion = English;
			hasScannedForEncodings = 0;
			knownRegions = (
				en,
				Base,
			);
			mainGroup = 47F3404A1EF7D3B900F1E6D9;
			productRefGroup = 47F340541EF7D3BA00F1E6D9 /* Products */;
			projectDirPath = "";
			projectRoot = "";
			targets = (
				47F340521EF7D3BA00F1E6D9 /* test_collection_horizontal */,
				47F3406B1EF7D3BA00F1E6D9 /* test_collection_horizontalTests */,
				47F340761EF7D3BA00F1E6D9 /* test_collection_horizontalUITests */,
			);
		};
/* End PBXProject section */

/* Begin PBXResourcesBuildPhase section */
		47F340511EF7D3BA00F1E6D9 /* Resources */ = {
			isa = PBXResourcesBuildPhase;
			buildActionMask = 2147483647;
			files = (
				47F340661EF7D3BA00F1E6D9 /* LaunchScreen.storyboard in Resources */,
				47F340631EF7D3BA00F1E6D9 /* Assets.xcassets in Resources */,
				47F340611EF7D3BA00F1E6D9 /* Main.storyboard in Resources */,
			);
			runOnlyForDeploymentPostprocessing = 0;
		};
		47F3406A1EF7D3BA00F1E6D9 /* Resources */ = {
			isa = PBXResourcesBuildPhase;
			buildActionMask = 2147483647;
			files = (
			);
			runOnlyForDeploymentPostprocessing = 0;
		};
		47F340751EF7D3BA00F1E6D9 /* Resources */ = {
			isa = PBXResourcesBuildPhase;
			buildActionMask = 2147483647;
			files = (
			);
			runOnlyForDeploymentPostprocessing = 0;
		};
/* End PBXResourcesBuildPhase section */

/* Begin PBXSourcesBuildPhase section */
		47F3404F1EF7D3BA00F1E6D9 /* Sources */ = {
			isa = PBXSourcesBuildPhase;
			buildActionMask = 2147483647;
			files = (
				47F3405E1EF7D3BA00F1E6D9 /* ViewController.m in Sources */,
				47F3405B1EF7D3BA00F1E6D9 /* AppDelegate.m in Sources */,
				47F340581EF7D3BA00F1E6D9 /* main.m in Sources */,
			);
			runOnlyForDeploymentPostprocessing = 0;
		};
		47F340681EF7D3BA00F1E6D9 /* Sources */ = {
			isa = PBXSourcesBuildPhase;
			buildActionMask = 2147483647;
			files = (
				47F340711EF7D3BA00F1E6D9 /* test_collection_horizontalTests.m in Sources */,
			);
			runOnlyForDeploymentPostprocessing = 0;
		};
		47F340731EF7D3BA00F1E6D9 /* Sources */ = {
			isa = PBXSourcesBuildPhase;
			buildActionMask = 2147483647;
			files = (
				47F3407C1EF7D3BA00F1E6D9 /* test_collection_horizontalUITests.m in Sources */,
			);
			runOnlyForDeploymentPostprocessing = 0;
		};
/* End PBXSourcesBuildPhase section */

/* Begin PBXTargetDependency section */
		47F3406E1EF7D3BA00F1E6D9 /* PBXTargetDependency */ = {
			isa = PBXTargetDependency;
			target = 47F340521EF7D3BA00F1E6D9 /* test_collection_horizontal */;
			targetProxy = 47F3406D1EF7D3BA00F1E6D9 /* PBXContainerItemProxy */;
		};
		47F340791EF7D3BA00F1E6D9 /* PBXTargetDependency */ = {
			isa = PBXTargetDependency;
			target = 47F340521EF7D3BA00F1E6D9 /* test_collection_horizontal */;
			targetProxy = 47F340781EF7D3BA00F1E6D9 /* PBXContainerItemProxy */;
		};
/* End PBXTargetDependency section */

/* Begin PBXVariantGroup section */
		47F3405F1EF7D3BA00F1E6D9 /* Main.storyboard */ = {
			isa = PBXVariantGroup;
			children = (
				47F340601EF7D3BA00F1E6D9 /* Base */,
			);
			name = Main.storyboard;
			sourceTree = "<group>";
		};
		47F340641EF7D3BA00F1E6D9 /* LaunchScreen.storyboard */ = {
			isa = PBXVariantGroup;
			children = (
				47F340651EF7D3BA00F1E6D9 /* Base */,
			);
			name = LaunchScreen.storyboard;
			sourceTree = "<group>";
		};
/* End PBXVariantGroup section */

/* Begin XCBuildConfiguration section */
		47F3407E1EF7D3BA00F1E6D9 /* Debug */ = {
			isa = XCBuildConfiguration;
			buildSettings = {
				ALWAYS_SEARCH_USER_PATHS = NO;
				CLANG_ANALYZER_NONNULL = YES;
				CLANG_ANALYZER_NUMBER_OBJECT_CONVERSION = YES_AGGRESSIVE;
				CLANG_CXX_LANGUAGE_STANDARD = "gnu++0x";
				CLANG_CXX_LIBRARY = "libc++";
				CLANG_ENABLE_MODULES = YES;
				CLANG_ENABLE_OBJC_ARC = YES;
				CLANG_WARN_BOOL_CONVERSION = YES;
				CLANG_WARN_CONSTANT_CONVERSION = YES;
				CLANG_WARN_DIRECT_OBJC_ISA_USAGE = YES_ERROR;
				CLANG_WARN_DOCUMENTATION_COMMENTS = YES;
				CLANG_WARN_EMPTY_BODY = YES;
				CLANG_WARN_ENUM_CONVERSION = YES;
				CLANG_WARN_INFINITE_RECURSION = YES;
				CLANG_WARN_INT_CONVERSION = YES;
				CLANG_WARN_OBJC_ROOT_CLASS = YES_ERROR;
				CLANG_WARN_SUSPICIOUS_MOVE = YES;
				CLANG_WARN_UNREACHABLE_CODE = YES;
				CLANG_WARN__DUPLICATE_METHOD_MATCH = YES;
				"CODE_SIGN_IDENTITY[sdk=iphoneos*]" = "iPhone Developer";
				COPY_PHASE_STRIP = NO;
				DEBUG_INFORMATION_FORMAT = dwarf;
				ENABLE_STRICT_OBJC_MSGSEND = YES;
				ENABLE_TESTABILITY = YES;
				GCC_C_LANGUAGE_STANDARD = gnu99;
				GCC_DYNAMIC_NO_PIC = NO;
				GCC_NO_COMMON_BLOCKS = YES;
				GCC_OPTIMIZATION_LEVEL = 0;
				GCC_PREPROCESSOR_DEFINITIONS = (
					"DEBUG=1",
					"$(inherited)",
				);
				GCC_WARN_64_TO_32_BIT_CONVERSION = YES;
				GCC_WARN_ABOUT_RETURN_TYPE = YES_ERROR;
				GCC_WARN_UNDECLARED_SELECTOR = YES;
				GCC_WARN_UNINITIALIZED_AUTOS = YES_AGGRESSIVE;
				GCC_WARN_UNUSED_FUNCTION = YES;
				GCC_WARN_UNUSED_VARIABLE = YES;
				IPHONEOS_DEPLOYMENT_TARGET = 10.3;
				MTL_ENABLE_DEBUG_INFO = YES;
				ONLY_ACTIVE_ARCH = YES;
				SDKROOT = iphoneos;
			};
			name = Debug;
		};
		47F3407F1EF7D3BA00F1E6D9 /* Release */ = {
			isa = XCBuildConfiguration;
			buildSettings = {
				ALWAYS_SEARCH_USER_PATHS = NO;
				CLANG_ANALYZER_NONNULL = YES;
				CLANG_ANALYZER_NUMBER_OBJECT_CONVERSION = YES_AGGRESSIVE;
				CLANG_CXX_LANGUAGE_STANDARD = "gnu++0x";
				CLANG_CXX_LIBRARY = "libc++";
				CLANG_ENABLE_MODULES = YES;
				CLANG_ENABLE_OBJC_ARC = YES;
				CLANG_WARN_BOOL_CONVERSION = YES;
				CLANG_WARN_CONSTANT_CONVERSION = YES;
				CLANG_WARN_DIRECT_OBJC_ISA_USAGE = YES_ERROR;
				CLANG_WARN_DOCUMENTATION_COMMENTS = YES;
				CLANG_WARN_EMPTY_BODY = YES;
				CLANG_WARN_ENUM_CONVERSION = YES;
				CLANG_WARN_INFINITE_RECURSION = YES;
				CLANG_WARN_INT_CONVERSION = YES;
				CLANG_WARN_OBJC_ROOT_CLASS = YES_ERROR;
				CLANG_WARN_SUSPICIOUS_MOVE = YES;
				CLANG_WARN_UNREACHABLE_CODE = YES;
				CLANG_WARN__DUPLICATE_METHOD_MATCH = YES;
				"CODE_SIGN_IDENTITY[sdk=iphoneos*]" = "iPhone Developer";
				COPY_PHASE_STRIP = NO;
				DEBUG_INFORMATION_FORMAT = "dwarf-with-dsym";
				ENABLE_NS_ASSERTIONS = NO;
				ENABLE_STRICT_OBJC_MSGSEND = YES;
				GCC_C_LANGUAGE_STANDARD = gnu99;
				GCC_NO_COMMON_BLOCKS = YES;
				GCC_WARN_64_TO_32_BIT_CONVERSION = YES;
				GCC_WARN_ABOUT_RETURN_TYPE = YES_ERROR;
				GCC_WARN_UNDECLARED_SELECTOR = YES;
				GCC_WARN_UNINITIALIZED_AUTOS = YES_AGGRESSIVE;
				GCC_WARN_UNUSED_FUNCTION = YES;
				GCC_WARN_UNUSED_VARIABLE = YES;
				IPHONEOS_DEPLOYMENT_TARGET = 10.3;
				MTL_ENABLE_DEBUG_INFO = NO;
				SDKROOT = iphoneos;
				VALIDATE_PRODUCT = YES;
			};
			name = Release;
		};
		47F340811EF7D3BA00F1E6D9 /* Debug */ = {
			isa = XCBuildConfiguration;
			buildSettings = {
				ASSETCATALOG_COMPILER_APPICON_NAME = AppIcon;
				INFOPLIST_FILE = test_collection_horizontal/Info.plist;
				LD_RUNPATH_SEARCH_PATHS = "$(inherited) @executable_path/Frameworks";
				PRODUCT_BUNDLE_IDENTIFIER = "com.bitbid.test-collection-horizontal";
				PRODUCT_NAME = "$(TARGET_NAME)";
			};
			name = Debug;
		};
		47F340821EF7D3BA00F1E6D9 /* Release */ = {
			isa = XCBuildConfiguration;
			buildSettings = {
				ASSETCATALOG_COMPILER_APPICON_NAME = AppIcon;
				INFOPLIST_FILE = test_collection_horizontal/Info.plist;
				LD_RUNPATH_SEARCH_PATHS = "$(inherited) @executable_path/Frameworks";
				PRODUCT_BUNDLE_IDENTIFIER = "com.bitbid.test-collection-horizontal";
				PRODUCT_NAME = "$(TARGET_NAME)";
			};
			name = Release;
		};
		47F340841EF7D3BA00F1E6D9 /* Debug */ = {
			isa = XCBuildConfiguration;
			buildSettings = {
				BUNDLE_LOADER = "$(TEST_HOST)";
				INFOPLIST_FILE = test_collection_horizontalTests/Info.plist;
				LD_RUNPATH_SEARCH_PATHS = "$(inherited) @executable_path/Frameworks @loader_path/Frameworks";
				PRODUCT_BUNDLE_IDENTIFIER = "com.bitbid.test-collection-horizontalTests";
				PRODUCT_NAME = "$(TARGET_NAME)";
				TEST_HOST = "$(BUILT_PRODUCTS_DIR)/test_collection_horizontal.app/test_collection_horizontal";
			};
			name = Debug;
		};
		47F340851EF7D3BA00F1E6D9 /* Release */ = {
			isa = XCBuildConfiguration;
			buildSettings = {
				BUNDLE_LOADER = "$(TEST_HOST)";
				INFOPLIST_FILE = test_collection_horizontalTests/Info.plist;
				LD_RUNPATH_SEARCH_PATHS = "$(inherited) @executable_path/Frameworks @loader_path/Frameworks";
				PRODUCT_BUNDLE_IDENTIFIER = "com.bitbid.test-collection-horizontalTests";
				PRODUCT_NAME = "$(TARGET_NAME)";
				TEST_HOST = "$(BUILT_PRODUCTS_DIR)/test_collection_horizontal.app/test_collection_horizontal";
			};
			name = Release;
		};
		47F340871EF7D3BA00F1E6D9 /* Debug */ = {
			isa = XCBuildConfiguration;
			buildSettings = {
				INFOPLIST_FILE = test_collection_horizontalUITests/Info.plist;
				LD_RUNPATH_SEARCH_PATHS = "$(inherited) @executable_path/Frameworks @loader_path/Frameworks";
				PRODUCT_BUNDLE_IDENTIFIER = "com.bitbid.test-collection-horizontalUITests";
				PRODUCT_NAME = "$(TARGET_NAME)";
				TEST_TARGET_NAME = test_collection_horizontal;
			};
			name = Debug;
		};
		47F340881EF7D3BA00F1E6D9 /* Release */ = {
			isa = XCBuildConfiguration;
			buildSettings = {
				INFOPLIST_FILE = test_collection_horizontalUITests/Info.plist;
				LD_RUNPATH_SEARCH_PATHS = "$(inherited) @executable_path/Frameworks @loader_path/Frameworks";
				PRODUCT_BUNDLE_IDENTIFIER = "com.bitbid.test-collection-horizontalUITests";
				PRODUCT_NAME = "$(TARGET_NAME)";
				TEST_TARGET_NAME = test_collection_horizontal;
			};
			name = Release;
		};
/* End XCBuildConfiguration section */

/* Begin XCConfigurationList section */
		47F3404E1EF7D3B900F1E6D9 /* Build configuration list for PBXProject "test_collection_horizontal" */ = {
			isa = XCConfigurationList;
			buildConfigurations = (
				47F3407E1EF7D3BA00F1E6D9 /* Debug */,
				47F3407F1EF7D3BA00F1E6D9 /* Release */,
			);
			defaultConfigurationIsVisible = 0;
			defaultConfigurationName = Release;
		};
		47F340801EF7D3BA00F1E6D9 /* Build configuration list for PBXNativeTarget "test_collection_horizontal" */ = {
			isa = XCConfigurationList;
			buildConfigurations = (
				47F340811EF7D3BA00F1E6D9 /* Debug */,
				47F340821EF7D3BA00F1E6D9 /* Release */,
			);
			defaultConfigurationIsVisible = 0;
		};
		47F340831EF7D3BA00F1E6D9 /* Build configuration list for PBXNativeTarget "test_collection_horizontalTests" */ = {
			isa = XCConfigurationList;
			buildConfigurations = (
				47F340841EF7D3BA00F1E6D9 /* Debug */,
				47F340851EF7D3BA00F1E6D9 /* Release */,
			);
			defaultConfigurationIsVisible = 0;
		};
		47F340861EF7D3BA00F1E6D9 /* Build configuration list for PBXNativeTarget "test_collection_horizontalUITests" */ = {
			isa = XCConfigurationList;
			buildConfigurations = (
				47F340871EF7D3BA00F1E6D9 /* Debug */,
				47F340881EF7D3BA00F1E6D9 /* Release */,
			);
			defaultConfigurationIsVisible = 0;
		};
/* End XCConfigurationList section */
	};
	rootObject = 47F3404B1EF7D3B900F1E6D9 /* Project object */;
}
